
Microsoft Visual Studio Solution File, Format Version 12.00
# Visual Studio Version 16
VisualStudioVersion = 16.0.28803.202
MinimumVisualStudioVersion = 10.0.40219.1
Project("{9A19103F-16F7-4668-BE54-9A1E7A4F7556}") = "Cnct.Core", "Cnct.Core\Cnct.Core.csproj", "{2278AC36-CCDA-4350-9A72-7C3011B8EA32}"
EndProject
Project("{9A19103F-16F7-4668-BE54-9A1E7A4F7556}") = "Cnct.Core.Tests", "Cnct.Core.Tests\Cnct.Core.Tests.csproj", "{032E26E4-278F-48D9-9723-52B6F06AE2D4}"
EndProject
Project("{9A19103F-16F7-4668-BE54-9A1E7A4F7556}") = "Cnct.NetCore", "Cnct.NetCore\Cnct.NetCore.csproj", "{D2236735-B1EF-4EC1-8982-E3A10E5E92CE}"
EndProject
Project("{2150E333-8FDC-42A3-9474-1A3956D46DE8}") = "Solution Items", "Solution Items", "{83377A6B-C7EA-4901-8345-41E81D72AA1D}"
	ProjectSection(SolutionItems) = preProject
		.editorconfig = .editorconfig
		build.settings\Cnct.Core.ruleset = build.settings\Cnct.Core.ruleset
		Directory.build.props = Directory.build.props
	EndProjectSection
EndProject
Global
	GlobalSection(SolutionConfigurationPlatforms) = preSolution
		Debug|Any CPU = Debug|Any CPU
		Release|Any CPU = Release|Any CPU
	EndGlobalSection
	GlobalSection(ProjectConfigurationPlatforms) = postSolution
		{2278AC36-CCDA-4350-9A72-7C3011B8EA32}.Debug|Any CPU.ActiveCfg = Debug|Any CPU
		{2278AC36-CCDA-4350-9A72-7C3011B8EA32}.Debug|Any CPU.Build.0 = Debug|Any CPU
		{2278AC36-CCDA-4350-9A72-7C3011B8EA32}.Release|Any CPU.ActiveCfg = Release|Any CPU
		{2278AC36-CCDA-4350-9A72-7C3011B8EA32}.Release|Any CPU.Build.0 = Release|Any CPU
		{032E26E4-278F-48D9-9723-52B6F06AE2D4}.Debug|Any CPU.ActiveCfg = Debug|Any CPU
		{032E26E4-278F-48D9-9723-52B6F06AE2D4}.Debug|Any CPU.Build.0 = Debug|Any CPU
		{032E26E4-278F-48D9-9723-52B6F06AE2D4}.Release|Any CPU.ActiveCfg = Release|Any CPU
		{032E26E4-278F-48D9-9723-52B6F06AE2D4}.Release|Any CPU.Build.0 = Release|Any CPU
		{D2236735-B1EF-4EC1-8982-E3A10E5E92CE}.Debug|Any CPU.ActiveCfg = Debug|Any CPU
		{D2236735-B1EF-4EC1-8982-E3A10E5E92CE}.Debug|Any CPU.Build.0 = Debug|Any CPU
		{D2236735-B1EF-4EC1-8982-E3A10E5E92CE}.Release|Any CPU.ActiveCfg = Release|Any CPU
		{D2236735-B1EF-4EC1-8982-E3A10E5E92CE}.Release|Any CPU.Build.0 = Release|Any CPU
	EndGlobalSection
	GlobalSection(SolutionProperties) = preSolution
		HideSolutionNode = FALSE
	EndGlobalSection
	GlobalSection(ExtensibilityGlobals) = postSolution
		SolutionGuid = {26168EDE-39E3-4683-973B-AB1C36C25A2A}
	EndGlobalSection
EndGlobal
